
Microsoft Visual Studio Solution File, Format Version 12.00
# Visual Studio Version 17
VisualStudioVersion = 17.4.33213.308
MinimumVisualStudioVersion = 10.0.40219.1
Project("{FAE04EC0-301F-11D3-BF4B-00C04F79EFBC}") = "ODataBookStore", "ODataBookStore\ODataBookStore.csproj", "{17355F94-5CC6-43A4-968D-A6860794ADC0}"
EndProject
Project("{FAE04EC0-301F-11D3-BF4B-00C04F79EFBC}") = "ODataBookStoreWebClient", "ODataBookStoreWebClient\ODataBookStoreWebClient.csproj", "{CC350DD0-221D-42DF-AD2F-F19F54118419}"
EndProject
Global
	GlobalSection(SolutionConfigurationPlatforms) = preSolution
		Debug|Any CPU = Debug|Any CPU
		Release|Any CPU = Release|Any CPU
	EndGlobalSection
	GlobalSection(ProjectConfigurationPlatforms) = postSolution
		{17355F94-5CC6-43A4-968D-A6860794ADC0}.Debug|Any CPU.ActiveCfg = Debug|Any CPU
		{17355F94-5CC6-43A4-968D-A6860794ADC0}.Debug|Any CPU.Build.0 = Debug|Any CPU
		{17355F94-5CC6-43A4-968D-A6860794ADC0}.Release|Any CPU.ActiveCfg = Release|Any CPU
		{17355F94-5CC6-43A4-968D-A6860794ADC0}.Release|Any CPU.Build.0 = Release|Any CPU
		{CC350DD0-221D-42DF-AD2F-F19F54118419}.Debug|Any CPU.ActiveCfg = Debug|Any CPU
		{CC350DD0-221D-42DF-AD2F-F19F54118419}.Debug|Any CPU.Build.0 = Debug|Any CPU
		{CC350DD0-221D-42DF-AD2F-F19F54118419}.Release|Any CPU.ActiveCfg = Release|Any CPU
		{CC350DD0-221D-42DF-AD2F-F19F54118419}.Release|Any CPU.Build.0 = Release|Any CPU
	EndGlobalSection
	GlobalSection(SolutionProperties) = preSolution
		HideSolutionNode = FALSE
	EndGlobalSection
	GlobalSection(ExtensibilityGlobals) = postSolution
		SolutionGuid = {67083ECA-FEC5-4A19-A80F-026F9A8B6063}
	EndGlobalSection
EndGlobal
